
Microsoft Visual Studio Solution File, Format Version 12.00
# Visual Studio Version 17
VisualStudioVersion = 17.10.34607.79
MinimumVisualStudioVersion = 10.0.40219.1
Project("{FAE04EC0-301F-11D3-BF4B-00C04F79EFBC}") = "Blazor_Project", "Blazor_Project\Blazor_Project.csproj", "{571D082B-7892-4808-AE57-E96F5E3A2D53}"
EndProject
Global
	GlobalSection(SolutionConfigurationPlatforms) = preSolution
		Debug|Any CPU = Debug|Any CPU
		Release|Any CPU = Release|Any CPU
	EndGlobalSection
	GlobalSection(ProjectConfigurationPlatforms) = postSolution
		{571D082B-7892-4808-AE57-E96F5E3A2D53}.Debug|Any CPU.ActiveCfg = Debug|Any CPU
		{571D082B-7892-4808-AE57-E96F5E3A2D53}.Debug|Any CPU.Build.0 = Debug|Any CPU
		{571D082B-7892-4808-AE57-E96F5E3A2D53}.Release|Any CPU.ActiveCfg = Release|Any CPU
		{571D082B-7892-4808-AE57-E96F5E3A2D53}.Release|Any CPU.Build.0 = Release|Any CPU
	EndGlobalSection
	GlobalSection(SolutionProperties) = preSolution
		HideSolutionNode = FALSE
	EndGlobalSection
	GlobalSection(ExtensibilityGlobals) = postSolution
		SolutionGuid = {DCCBC7F3-92B9-4FAF-AD35-CF2C18FEFCD4}
	EndGlobalSection
EndGlobal
